
Microsoft Visual Studio Solution File, Format Version 12.00
# Visual Studio Version 17
VisualStudioVersion = 17.3.32901.215
MinimumVisualStudioVersion = 10.0.40219.1
Project("{9A19103F-16F7-4668-BE54-9A1E7A4F7556}") = "1 - HelloWorld", "1 - HelloWorld\1 - HelloWorld.csproj", "{1405FD76-D889-4533-9961-DAD860F48597}"
EndProject
Project("{9A19103F-16F7-4668-BE54-9A1E7A4F7556}") = "2-CriandoVariaveis", "2-CriandoVariaveis\2-CriandoVariaveis.csproj", "{C4E31DDB-10D0-4975-A3BE-39BABDA450B0}"
EndProject
Project("{9A19103F-16F7-4668-BE54-9A1E7A4F7556}") = "3-ConversaoDeVariaveis", "3-ConversaoDeVariaveis\3-ConversaoDeVariaveis.csproj", "{F7AF25B0-DFE2-485A-8B2A-76F7C95F6602}"
EndProject
Project("{9A19103F-16F7-4668-BE54-9A1E7A4F7556}") = "4-Condicionais", "4-condicionais\4-Condicionais.csproj", "{D0A62DB1-10B8-4F28-8442-6273B280616B}"
EndProject
Project("{FAE04EC0-301F-11D3-BF4B-00C04F79EFBC}") = "5-Aliquota", "5-Escopo\5-Aliquota.csproj", "{34AA8B44-12E3-49DA-B003-96430CC29D27}"
EndProject
Project("{FAE04EC0-301F-11D3-BF4B-00C04F79EFBC}") = "6-switch", "6-switch\6-switch.csproj", "{2488B6FC-CEE8-4826-A007-CAE36F3286C3}"
EndProject
Global
	GlobalSection(SolutionConfigurationPlatforms) = preSolution
		Debug|Any CPU = Debug|Any CPU
		Release|Any CPU = Release|Any CPU
	EndGlobalSection
	GlobalSection(ProjectConfigurationPlatforms) = postSolution
		{1405FD76-D889-4533-9961-DAD860F48597}.Debug|Any CPU.ActiveCfg = Debug|Any CPU
		{1405FD76-D889-4533-9961-DAD860F48597}.Debug|Any CPU.Build.0 = Debug|Any CPU
		{1405FD76-D889-4533-9961-DAD860F48597}.Release|Any CPU.ActiveCfg = Release|Any CPU
		{1405FD76-D889-4533-9961-DAD860F48597}.Release|Any CPU.Build.0 = Release|Any CPU
		{C4E31DDB-10D0-4975-A3BE-39BABDA450B0}.Debug|Any CPU.ActiveCfg = Debug|Any CPU
		{C4E31DDB-10D0-4975-A3BE-39BABDA450B0}.Debug|Any CPU.Build.0 = Debug|Any CPU
		{C4E31DDB-10D0-4975-A3BE-39BABDA450B0}.Release|Any CPU.ActiveCfg = Release|Any CPU
		{C4E31DDB-10D0-4975-A3BE-39BABDA450B0}.Release|Any CPU.Build.0 = Release|Any CPU
		{F7AF25B0-DFE2-485A-8B2A-76F7C95F6602}.Debug|Any CPU.ActiveCfg = Debug|Any CPU
		{F7AF25B0-DFE2-485A-8B2A-76F7C95F6602}.Debug|Any CPU.Build.0 = Debug|Any CPU
		{F7AF25B0-DFE2-485A-8B2A-76F7C95F6602}.Release|Any CPU.ActiveCfg = Release|Any CPU
		{F7AF25B0-DFE2-485A-8B2A-76F7C95F6602}.Release|Any CPU.Build.0 = Release|Any CPU
		{D0A62DB1-10B8-4F28-8442-6273B280616B}.Debug|Any CPU.ActiveCfg = Debug|Any CPU
		{D0A62DB1-10B8-4F28-8442-6273B280616B}.Debug|Any CPU.Build.0 = Debug|Any CPU
		{D0A62DB1-10B8-4F28-8442-6273B280616B}.Release|Any CPU.ActiveCfg = Release|Any CPU
		{D0A62DB1-10B8-4F28-8442-6273B280616B}.Release|Any CPU.Build.0 = Release|Any CPU
		{34AA8B44-12E3-49DA-B003-96430CC29D27}.Debug|Any CPU.ActiveCfg = Debug|Any CPU
		{34AA8B44-12E3-49DA-B003-96430CC29D27}.Debug|Any CPU.Build.0 = Debug|Any CPU
		{34AA8B44-12E3-49DA-B003-96430CC29D27}.Release|Any CPU.ActiveCfg = Release|Any CPU
		{34AA8B44-12E3-49DA-B003-96430CC29D27}.Release|Any CPU.Build.0 = Release|Any CPU
		{2488B6FC-CEE8-4826-A007-CAE36F3286C3}.Debug|Any CPU.ActiveCfg = Debug|Any CPU
		{2488B6FC-CEE8-4826-A007-CAE36F3286C3}.Debug|Any CPU.Build.0 = Debug|Any CPU
		{2488B6FC-CEE8-4826-A007-CAE36F3286C3}.Release|Any CPU.ActiveCfg = Release|Any CPU
		{2488B6FC-CEE8-4826-A007-CAE36F3286C3}.Release|Any CPU.Build.0 = Release|Any CPU
	EndGlobalSection
	GlobalSection(SolutionProperties) = preSolution
		HideSolutionNode = FALSE
	EndGlobalSection
	GlobalSection(ExtensibilityGlobals) = postSolution
		SolutionGuid = {117A9E4D-407F-4EBE-B547-4BCCE8F590AD}
	EndGlobalSection
EndGlobal
